
Microsoft Visual Studio Solution File, Format Version 12.00
# Visual Studio Version 17
VisualStudioVersion = 17.2.32602.215
MinimumVisualStudioVersion = 10.0.40219.1
Project("{9A19103F-16F7-4668-BE54-9A1E7A4F7556}") = "UserClient", "UserClient\UserClient.csproj", "{1B7C854D-119D-4F09-8EDE-C13EB5E9E913}"
EndProject
Project("{9A19103F-16F7-4668-BE54-9A1E7A4F7556}") = "UserServer", "Service\UserServer.csproj", "{6B376295-774C-41D0-846B-B41E6947451A}"
EndProject
Global
	GlobalSection(SolutionConfigurationPlatforms) = preSolution
		Debug|Any CPU = Debug|Any CPU
		Release|Any CPU = Release|Any CPU
	EndGlobalSection
	GlobalSection(ProjectConfigurationPlatforms) = postSolution
		{1B7C854D-119D-4F09-8EDE-C13EB5E9E913}.Debug|Any CPU.ActiveCfg = Debug|Any CPU
		{1B7C854D-119D-4F09-8EDE-C13EB5E9E913}.Debug|Any CPU.Build.0 = Debug|Any CPU
		{1B7C854D-119D-4F09-8EDE-C13EB5E9E913}.Release|Any CPU.ActiveCfg = Release|Any CPU
		{1B7C854D-119D-4F09-8EDE-C13EB5E9E913}.Release|Any CPU.Build.0 = Release|Any CPU
		{6B376295-774C-41D0-846B-B41E6947451A}.Debug|Any CPU.ActiveCfg = Debug|Any CPU
		{6B376295-774C-41D0-846B-B41E6947451A}.Debug|Any CPU.Build.0 = Debug|Any CPU
		{6B376295-774C-41D0-846B-B41E6947451A}.Release|Any CPU.ActiveCfg = Release|Any CPU
		{6B376295-774C-41D0-846B-B41E6947451A}.Release|Any CPU.Build.0 = Release|Any CPU
	EndGlobalSection
	GlobalSection(SolutionProperties) = preSolution
		HideSolutionNode = FALSE
	EndGlobalSection
	GlobalSection(ExtensibilityGlobals) = postSolution
		SolutionGuid = {C7902E4E-E666-4B69-81DD-3041CD51952E}
	EndGlobalSection
EndGlobal
